
Microsoft Visual Studio Solution File, Format Version 12.00
# Visual Studio 15
VisualStudioVersion = 15.0.28307.168
MinimumVisualStudioVersion = 10.0.40219.1
Project("{9A19103F-16F7-4668-BE54-9A1E7A4F7556}") = "SportStoreCore1", "SportStoreCore1\SportStoreCore1.csproj", "{F2DC13BA-40C4-4A6D-A9C7-EEA6D5A52F9E}"
EndProject
Project("{9A19103F-16F7-4668-BE54-9A1E7A4F7556}") = "SportStoreCore1.Tests", "SportStoreCore1.Tests\SportStoreCore1.Tests.csproj", "{BF315476-FDD2-4BCD-9DA8-48960E363A44}"
EndProject
Global
	GlobalSection(SolutionConfigurationPlatforms) = preSolution
		Debug|Any CPU = Debug|Any CPU
		Release|Any CPU = Release|Any CPU
	EndGlobalSection
	GlobalSection(ProjectConfigurationPlatforms) = postSolution
		{F2DC13BA-40C4-4A6D-A9C7-EEA6D5A52F9E}.Debug|Any CPU.ActiveCfg = Debug|Any CPU
		{F2DC13BA-40C4-4A6D-A9C7-EEA6D5A52F9E}.Debug|Any CPU.Build.0 = Debug|Any CPU
		{F2DC13BA-40C4-4A6D-A9C7-EEA6D5A52F9E}.Release|Any CPU.ActiveCfg = Release|Any CPU
		{F2DC13BA-40C4-4A6D-A9C7-EEA6D5A52F9E}.Release|Any CPU.Build.0 = Release|Any CPU
		{BF315476-FDD2-4BCD-9DA8-48960E363A44}.Debug|Any CPU.ActiveCfg = Debug|Any CPU
		{BF315476-FDD2-4BCD-9DA8-48960E363A44}.Debug|Any CPU.Build.0 = Debug|Any CPU
		{BF315476-FDD2-4BCD-9DA8-48960E363A44}.Release|Any CPU.ActiveCfg = Release|Any CPU
		{BF315476-FDD2-4BCD-9DA8-48960E363A44}.Release|Any CPU.Build.0 = Release|Any CPU
	EndGlobalSection
	GlobalSection(SolutionProperties) = preSolution
		HideSolutionNode = FALSE
	EndGlobalSection
	GlobalSection(ExtensibilityGlobals) = postSolution
		SolutionGuid = {7151A761-E8C0-4A67-9F96-F42694AF2D4C}
	EndGlobalSection
EndGlobal
